{
  "name": "my-app",
  "version": "1.0.0",
  "lockfileVersion": 3,
  "requires": true,
  "packages": {
    "": {
      "name": "my-app",
      "version": "1.0.0",
      "license": "MIT",
      "dependencies": {
        "@perryts/perry": "^0.5.1182",
        "electron": "file:../../../../private/tmp/perry-electron-compat/packages/electron"
      },
      "devDependencies": {
        "@types/node": "^26.0.0",
        "typescript": "^6.0.3"
      }
    },
    "../../../../private/tmp/perry-electron-compat/packages/electron": {
      "version": "0.1.0",
      "license": "MIT"
    },
    "node_modules/@perryts/perry": {
      "version": "0.5.1182",
      "resolved": "https://registry.npmjs.org/@perryts/perry/-/perry-0.5.1182.tgz",
      "integrity": "sha512-fHqpxVuNZf+at3IRPltAc9vRB5VF3LCGg/C25x+fJUr4tRnNJWUD1V6r0fk3sOolenhJ7eXNwdQj2W8iuacUWw==",
      "license": "MIT",
      "bin": {
        "perry": "bin/perry.js"
      },
      "engines": {
        "node": ">=16"
      },
      "optionalDependencies": {
        "@perryts/perry-darwin-arm64": "0.5.1182",
        "@perryts/perry-darwin-x64": "0.5.1182",
        "@perryts/perry-linux-arm64": "0.5.1182",
        "@perryts/perry-linux-arm64-musl": "0.5.1182",
        "@perryts/perry-linux-x64": "0.5.1182",
        "@perryts/perry-linux-x64-musl": "0.5.1182",
        "@perryts/perry-win32-x64": "0.5.1182"
      }
    },
    "node_modules/@perryts/perry-darwin-arm64": {
      "version": "0.5.1182",
      "resolved": "https://registry.npmjs.org/@perryts/perry-darwin-arm64/-/perry-darwin-arm64-0.5.1182.tgz",
      "integrity": "sha512-rYaDlP1Dn4vhWuKO/L410H55FX5Jkxp0iZTvHLgC3ZvzAjiGV/wDqZUyB05iemjPCfGJw7RZwMRP+eXOug+S2Q==",
      "cpu": [
        "arm64"
      ],
      "license": "MIT",
      "optional": true,
      "os": [
        "darwin"
      ]
    },
    "node_modules/@perryts/perry-darwin-x64": {
      "version": "0.5.1182",
      "resolved": "https://registry.npmjs.org/@perryts/perry-darwin-x64/-/perry-darwin-x64-0.5.1182.tgz",
      "integrity": "sha512-MjoJrWpWQxjFlI4jhNV1zAZQIKCEVcoIsaJKVdtkbSOAzT8A224ym5w4HaWvabBRJ6MOGrPGQHo7NKOMVc2jJQ==",
      "cpu": [
        "x64"
      ],
      "license": "MIT",
      "optional": true,
      "os": [
        "darwin"
      ]
    },
    "node_modules/@perryts/perry-linux-arm64": {
      "version": "0.5.1182",
      "resolved": "https://registry.npmjs.org/@perryts/perry-linux-arm64/-/perry-linux-arm64-0.5.1182.tgz",
      "integrity": "sha512-+y0dn/75uaE/RdnQNHPf+1AmC3EkH8dx52FVUTVvVLGHNVGfE03cDEYcf66KBTBzUQ8PnoGO1XqoFAjYWHLMMw==",
      "cpu": [
        "arm64"
      ],
      "license": "MIT",
      "optional": true,
      "os": [
        "linux"
      ]
    },
    "node_modules/@perryts/perry-linux-arm64-musl": {
      "version": "0.5.1182",
      "resolved": "https://registry.npmjs.org/@perryts/perry-linux-arm64-musl/-/perry-linux-arm64-musl-0.5.1182.tgz",
      "integrity": "sha512-+3IGAhUJnz4VWFXpQcaaTK+XuOwrAOkdBVMDMlp+sCaffVydN8oQ9gAEy056mOieEq0GwxBVKmtt2hT9hd9V9g==",
      "cpu": [
        "arm64"
      ],
      "license": "MIT",
      "optional": true,
      "os": [
        "linux"
      ]
    },
    "node_modules/@perryts/perry-linux-x64": {
      "version": "0.5.1182",
      "resolved": "https://registry.npmjs.org/@perryts/perry-linux-x64/-/perry-linux-x64-0.5.1182.tgz",
      "integrity": "sha512-qQV1T2lgjWP30br3mMzVVHD94+uTfK7dyNFYrhkYNSR18VnHvCumvHNZ93A3Y0cva+RTXJ8lDoDIcnxVCovF5Q==",
      "cpu": [
        "x64"
      ],
      "license": "MIT",
      "optional": true,
      "os": [
        "linux"
      ]
    },
    "node_modules/@perryts/perry-linux-x64-musl": {
      "version": "0.5.1182",
      "resolved": "https://registry.npmjs.org/@perryts/perry-linux-x64-musl/-/perry-linux-x64-musl-0.5.1182.tgz",
      "integrity": "sha512-ircU+hXffckf+mY2cFBkJZrNLe/yVyOKVDqkknY86EmcLNNvkVWbkGTOXrqzfXArbQzED9OiE+VJFcU8Sz7nKQ==",
      "cpu": [
        "x64"
      ],
      "license": "MIT",
      "optional": true,
      "os": [
        "linux"
      ]
    },
    "node_modules/@perryts/perry-win32-x64": {
      "version": "0.5.1182",
      "resolved": "https://registry.npmjs.org/@perryts/perry-win32-x64/-/perry-win32-x64-0.5.1182.tgz",
      "integrity": "sha512-jxUV/HGRsKR1i6ae5Eg6rvkiXj6u/BZ+HN9DCs9JleZ1KTFiDDH8PN1CVhkNbQuL5/na7UlXT018HJZD0hz3eg==",
      "cpu": [
        "x64"
      ],
      "license": "MIT",
      "optional": true,
      "os": [
        "win32"
      ]
    },
    "node_modules/@types/node": {
      "version": "26.0.0",
      "resolved": "https://registry.npmjs.org/@types/node/-/node-26.0.0.tgz",
      "integrity": "sha512-vf2YFi1iY9lHGwNJMs01biZFbKJkrZR1T6/MlzjhJLPdntOHLhTrDSnSVcdtvjihi4VQNlrFRIxLsDBlQpAipA==",
      "dev": true,
      "license": "MIT",
      "dependencies": {
        "undici-types": "~8.3.0"
      }
    },
    "node_modules/electron": {
      "resolved": "../../../../private/tmp/perry-electron-compat/packages/electron",
      "link": true
    },
    "node_modules/typescript": {
      "version": "6.0.3",
      "resolved": "https://registry.npmjs.org/typescript/-/typescript-6.0.3.tgz",
      "integrity": "sha512-y2TvuxSZPDyQakkFRPZHKFm+KKVqIisdg9/CZwm9ftvKXLP8NRWj38/ODjNbr43SsoXqNuAisEf1GdCxqWcdBw==",
      "dev": true,
      "license": "Apache-2.0",
      "bin": {
        "tsc": "bin/tsc",
        "tsserver": "bin/tsserver"
      },
      "engines": {
        "node": ">=14.17"
      }
    },
    "node_modules/undici-types": {
      "version": "8.3.0",
      "resolved": "https://registry.npmjs.org/undici-types/-/undici-types-8.3.0.tgz",
      "integrity": "sha512-j375ScV60dom+YkPFIfTLcOiPxkN/buHz5GobjLhixFuANaNs3C9l4GmrWqejgXWJ7BbJcFYpTEUkS1Ge8bpZQ==",
      "dev": true,
      "license": "MIT"
    }
  }
}
